<?xml version="1.0" encoding="utf-8"?>
<Project ToolsVersion="4.0" xmlns="http://schemas.microsoft.com/developer/msbuild/2003">
  <ItemGroup>
    <Filter Include="Source Files">
      <UniqueIdentifier>{4FC737F1-C7A5-4376-A066-2A32D752A2FF}</UniqueIdentifier>
      <Extensions>cpp;c;cc;cxx;c++;cppm;ixx;def;odl;idl;hpj;bat;asm;asmx</Extensions>
    </Filter>
    <Filter Include="Header Files">
      <UniqueIdentifier>{93995380-89BD-4b04-88EB-625FBE52EBFB}</UniqueIdentifier>
      <Extensions>h;hh;hpp;hxx;h++;hm;inl;inc;ipp;xsd</Extensions>
    </Filter>
    <Filter Include="Resource Files">
      <UniqueIdentifier>{67DA6AB6-F800-4c08-8B7A-83BB121AAD01}</UniqueIdentifier>
      <Extensions>rc;ico;cur;bmp;dlg;rc2;rct;bin;rgs;gif;jpg;jpeg;jpe;resx;tiff;tif;png;wav;mfcribbon-ms</Extensions>
    </Filter>
    <Filter Include="Header Files\Base">
      <UniqueIdentifier>{b6355925-4791-470d-8ad9-a0a354e30ab4}</UniqueIdentifier>
    </Filter>
    <Filter Include="Source Files\Base">
      <UniqueIdentifier>{554b7591-b35d-4eab-9d44-ce5d8178b866}</UniqueIdentifier>
    </Filter>
    <Filter Include="Header Files\Physics">
      <UniqueIdentifier>{45d31636-d2d5-4d13-8c3c-4d98bc33aeb7}</UniqueIdentifier>
    </Filter>
    <Filter Include="Source Files\Physics">
      <UniqueIdentifier>{ee52727c-3118-4cb8-abed-d97da114fabe}</UniqueIdentifier>
    </Filter>
    <Filter Include="Header Files\UI">
      <UniqueIdentifier>{3f6b68e4-d6a8-4753-be15-23e57970bc9e}</UniqueIdentifier>
    </Filter>
    <Filter Include="Source Files\UI">
      <UniqueIdentifier>{7f5c3ddd-a9ad-4706-a43a-d94d94ce110d}</UniqueIdentifier>
    </Filter>
    <Filter Include="Header Files\Hotel of Death">
      <UniqueIdentifier>{ffde4e4c-293c-4f14-bf72-4c3919990a37}</UniqueIdentifier>
    </Filter>
    <Filter Include="Source Files\Hotel of Death">
      <UniqueIdentifier>{ddc4e55a-7ed3-4883-b868-d2617c2035b9}</UniqueIdentifier>
    </Filter>
    <Filter Include="Header Files\Hotel of Death\Scenes">
      <UniqueIdentifier>{5e68b1ab-7090-4156-a355-fbd7c4614089}</UniqueIdentifier>
    </Filter>
    <Filter Include="Source Files\Hotel of Death\Scenes">
      <UniqueIdentifier>{6c798213-e5d2-46ef-a891-c4ff781d5298}</UniqueIdentifier>
    </Filter>
    <Filter Include="Source Files\Hotel of Death\GameObjects">
      <UniqueIdentifier>{f355b58b-bafb-4c3a-8bc1-a0b7e2efcdd2}</UniqueIdentifier>
    </Filter>
    <Filter Include="Header Files\Hotel of Death\GameObjects">
      <UniqueIdentifier>{e44c908d-8512-4ac6-96f4-5b7ce76b13f1}</UniqueIdentifier>
    </Filter>
  </ItemGroup>
  <ItemGroup>
    <ClInclude Include="Layer.hpp">
      <Filter>Header Files\Base</Filter>
    </ClInclude>
    <ClInclude Include="Handler.hpp">
      <Filter>Header Files\Base</Filter>
    </ClInclude>
    <ClInclude Include="WindowHandler.hpp">
      <Filter>Header Files\Base</Filter>
    </ClInclude>
    <ClInclude Include="Physical.hpp">
      <Filter>Header Files\Physics</Filter>
    </ClInclude>
    <ClInclude Include="Button.hpp">
      <Filter>Header Files\UI</Filter>
    </ClInclude>
    <ClInclude Include="SceneHandler.hpp">
      <Filter>Header Files\Hotel of Death</Filter>
    </ClInclude>
    <ClInclude Include="MainMenu.hpp">
      <Filter>Header Files\Hotel of Death\Scenes</Filter>
    </ClInclude>
    <ClInclude Include="Game.hpp">
      <Filter>Header Files\Hotel of Death\Scenes</Filter>
    </ClInclude>
    <ClInclude Include="Floor.hpp">
      <Filter>Header Files\Hotel of Death\GameObjects</Filter>
    </ClInclude>
    <ClInclude Include="Door.hpp">
      <Filter>Header Files\Hotel of Death\GameObjects</Filter>
    </ClInclude>
    <ClInclude Include="Teleporter.hpp">
      <Filter>Header Files\Hotel of Death\GameObjects</Filter>
    </ClInclude>
    <ClInclude Include="Player.hpp">
      <Filter>Header Files\Hotel of Death\GameObjects</Filter>
    </ClInclude>
    <ClInclude Include="Clue.hpp">
      <Filter>Header Files\Hotel of Death\GameObjects</Filter>
    </ClInclude>
  </ItemGroup>
  <ItemGroup>
    <ClCompile Include="Layer.cpp">
      <Filter>Source Files\Base</Filter>
    </ClCompile>
    <ClCompile Include="Handler.cpp">
      <Filter>Source Files\Base</Filter>
    </ClCompile>
    <ClCompile Include="WindowHandler.cpp">
      <Filter>Source Files\Base</Filter>
    </ClCompile>
    <ClCompile Include="Physical.cpp">
      <Filter>Source Files\Physics</Filter>
    </ClCompile>
    <ClCompile Include="Main.cpp">
      <Filter>Source Files</Filter>
    </ClCompile>
    <ClCompile Include="Button.cpp">
      <Filter>Source Files\UI</Filter>
    </ClCompile>
    <ClCompile Include="SceneHandler.cpp">
      <Filter>Source Files\Hotel of Death</Filter>
    </ClCompile>
    <ClCompile Include="Timed.hpp">
      <Filter>Header Files\Base</Filter>
    </ClCompile>
    <ClCompile Include="TimedLayer.hpp">
      <Filter>Header Files\Base</Filter>
    </ClCompile>
    <ClCompile Include="Timed.cpp">
      <Filter>Source Files\Base</Filter>
    </ClCompile>
    <ClCompile Include="TimedLayer.cpp">
      <Filter>Source Files\Base</Filter>
    </ClCompile>
    <ClCompile Include="Game.cpp">
      <Filter>Source Files\Hotel of Death\Scenes</Filter>
    </ClCompile>
    <ClCompile Include="MainMenu.cpp">
      <Filter>Source Files\Hotel of Death\Scenes</Filter>
    </ClCompile>
    <ClCompile Include="Floor.cpp">
      <Filter>Source Files\Hotel of Death\GameObjects</Filter>
    </ClCompile>
    <ClCompile Include="Door.cpp">
      <Filter>Source Files\Hotel of Death\GameObjects</Filter>
    </ClCompile>
    <ClCompile Include="Teleporter.cpp">
      <Filter>Source Files\Hotel of Death\GameObjects</Filter>
    </ClCompile>
    <ClCompile Include="Player.cpp">
      <Filter>Source Files\Hotel of Death\GameObjects</Filter>
    </ClCompile>
    <ClCompile Include="Clue.cpp">
      <Filter>Source Files\Hotel of Death\GameObjects</Filter>
    </ClCompile>
  </ItemGroup>
</Project>