<?xml version="1.0" encoding="utf-8"?>
<Project ToolsVersion="4.0" xmlns="http://schemas.microsoft.com/developer/msbuild/2003">
  <ItemGroup>
    <ClCompile Include="Clue.cpp" />
    <ClCompile Include="Door.cpp" />
    <ClCompile Include="Floor.cpp" />
    <ClCompile Include="Game.cpp" />
    <ClCompile Include="Player.cpp" />
    <ClCompile Include="Teleporter.cpp" />
    <ClCompile Include="DifficultySelect.cpp" />
    <ClCompile Include="Manual.cpp" />
    <ClCompile Include="Timed.cpp" />
    <ClCompile Include="TimedLayer.cpp" />
    <ClCompile Include="Button.cpp" />
    <ClCompile Include="SceneHandler.cpp" />
    <ClCompile Include="Main.cpp" />
    <ClCompile Include="MainMenu.cpp" />
    <ClCompile Include="Physical.cpp" />
    <ClCompile Include="WindowHandler.cpp" />
    <ClCompile Include="Layer.cpp" />
    <ClCompile Include="Handler.cpp" />
    <ClCompile Include="Timed.cpp" />
    <ClCompile Include="TimedLayer.cpp" />
    <ClCompile Include="Line.cpp" />
    <ClCompile Include="GameOver.cpp" />
  </ItemGroup>
  <ItemGroup>
    <ClInclude Include="Button.hpp" />
    <ClInclude Include="Clue.hpp" />
    <ClInclude Include="Door.hpp" />
    <ClInclude Include="Floor.hpp" />
    <ClInclude Include="Game.hpp" />
    <ClInclude Include="Player.hpp" />
    <ClInclude Include="DifficultySelect.hpp" />
    <ClInclude Include="Dimension.h" />
    <ClInclude Include="Manual.hpp" />
    <ClInclude Include="SceneHandler.hpp" />
    <ClInclude Include="MainMenu.hpp" />
    <ClInclude Include="Physical.hpp" />
    <ClInclude Include="Teleporter.hpp" />
    <ClInclude Include="WindowHandler.hpp" />
    <ClInclude Include="Layer.hpp" />
    <ClInclude Include="Handler.hpp" />
    <ClInclude Include="Line.hpp" />
    <ClInclude Include="Timed.hpp" />
    <ClInclude Include="TimedLayer.hpp" />
    <ClInclude Include="GameOver.hpp" />
  </ItemGroup>
</Project>